// !$*UTF8*$!
{
	archiveVersion = 1;
	classes = {
	};
	objectVersion = 54;
	objects = {

/* Begin PBXBuildFile section */
		2B5E5316272EC053008E48E1 /* KeychainStored in Frameworks */ = {isa = PBXBuildFile; productRef = 2B5E5315272EC053008E48E1 /* KeychainStored */; };
		2B5E5319272EC119008E48E1 /* KeychainData.swift in Sources */ = {isa = PBXBuildFile; fileRef = 2B5E5318272EC119008E48E1 /* KeychainData.swift */; };
		2B5E531A272EC119008E48E1 /* KeychainData.swift in Sources */ = {isa = PBXBuildFile; fileRef = 2B5E5318272EC119008E48E1 /* KeychainData.swift */; };
		2B5E531C272EC1D1008E48E1 /* KeychainStored in Frameworks */ = {isa = PBXBuildFile; productRef = 2B5E531B272EC1D1008E48E1 /* KeychainStored */; };
		2B5E5324272FF3ED008E48E1 /* FacultiesViewModel.swift in Sources */ = {isa = PBXBuildFile; fileRef = 2B5E5323272FF3ED008E48E1 /* FacultiesViewModel.swift */; };
		2B5E5325272FF3ED008E48E1 /* FacultiesViewModel.swift in Sources */ = {isa = PBXBuildFile; fileRef = 2B5E5323272FF3ED008E48E1 /* FacultiesViewModel.swift */; };
		2B5E532A2730025E008E48E1 /* LoaderView.swift in Sources */ = {isa = PBXBuildFile; fileRef = 2B5E53292730025E008E48E1 /* LoaderView.swift */; };
		2B5E532B2730025E008E48E1 /* LoaderView.swift in Sources */ = {isa = PBXBuildFile; fileRef = 2B5E53292730025E008E48E1 /* LoaderView.swift */; };
		2B5E532D273002BA008E48E1 /* Error+stringValue.swift in Sources */ = {isa = PBXBuildFile; fileRef = 2B5E532C273002BA008E48E1 /* Error+stringValue.swift */; };
		2B5E532E273002BA008E48E1 /* Error+stringValue.swift in Sources */ = {isa = PBXBuildFile; fileRef = 2B5E532C273002BA008E48E1 /* Error+stringValue.swift */; };
		2B780A032731AACF00E3FC86 /* MainView.swift in Sources */ = {isa = PBXBuildFile; fileRef = 2B780A022731AACF00E3FC86 /* MainView.swift */; };
		2B780A042731AACF00E3FC86 /* MainView.swift in Sources */ = {isa = PBXBuildFile; fileRef = 2B780A022731AACF00E3FC86 /* MainView.swift */; };
		2B780A072731C1E800E3FC86 /* BookletView.swift in Sources */ = {isa = PBXBuildFile; fileRef = 2B780A062731C1E800E3FC86 /* BookletView.swift */; };
		2B780A082731C1E800E3FC86 /* BookletView.swift in Sources */ = {isa = PBXBuildFile; fileRef = 2B780A062731C1E800E3FC86 /* BookletView.swift */; };
		2BC037F5272E9D0D00B0150D /* API in Frameworks */ = {isa = PBXBuildFile; productRef = 2BC037F4272E9D0D00B0150D /* API */; };
		2BC037F8272EA6A600B0150D /* AlertData.swift in Sources */ = {isa = PBXBuildFile; fileRef = 2BC037F7272EA6A600B0150D /* AlertData.swift */; };
		2BC037F9272EA71C00B0150D /* AlertData.swift in Sources */ = {isa = PBXBuildFile; fileRef = 2BC037F7272EA6A600B0150D /* AlertData.swift */; };
		2BC8533A27401C5E004C8C39 /* Career.swift in Sources */ = {isa = PBXBuildFile; fileRef = 2BC8533927401C5E004C8C39 /* Career.swift */; };
		2BC8533C274030F3004C8C39 /* Faculty.swift in Sources */ = {isa = PBXBuildFile; fileRef = 2BC8533B274030F3004C8C39 /* Faculty.swift */; };
		2BC8533E27403202004C8C39 /* Alert+AlertData.swift in Sources */ = {isa = PBXBuildFile; fileRef = 2BC8533D27403202004C8C39 /* Alert+AlertData.swift */; };
		2BC85340274064D5004C8C39 /* Exam.swift in Sources */ = {isa = PBXBuildFile; fileRef = 2BC8533F274064D5004C8C39 /* Exam.swift */; };
		2BC85342274165C2004C8C39 /* Plan.swift in Sources */ = {isa = PBXBuildFile; fileRef = 2BC85341274165C2004C8C39 /* Plan.swift */; };
		2BED870F27416F3600CF9625 /* Career.swift in Sources */ = {isa = PBXBuildFile; fileRef = 2BC8533927401C5E004C8C39 /* Career.swift */; };
		2BED871027416F3900CF9625 /* Faculty.swift in Sources */ = {isa = PBXBuildFile; fileRef = 2BC8533B274030F3004C8C39 /* Faculty.swift */; };
		2BED871127416F3B00CF9625 /* Exam.swift in Sources */ = {isa = PBXBuildFile; fileRef = 2BC8533F274064D5004C8C39 /* Exam.swift */; };
		2BED871227416F3E00CF9625 /* Plan.swift in Sources */ = {isa = PBXBuildFile; fileRef = 2BC85341274165C2004C8C39 /* Plan.swift */; };
		2BED871327416FCC00CF9625 /* Alert+AlertData.swift in Sources */ = {isa = PBXBuildFile; fileRef = 2BC8533D27403202004C8C39 /* Alert+AlertData.swift */; };
		362B9F82273927850030CF4F /* PlanView.swift in Sources */ = {isa = PBXBuildFile; fileRef = 362B9F81273927850030CF4F /* PlanView.swift */; };
		362B9F83273927850030CF4F /* PlanView.swift in Sources */ = {isa = PBXBuildFile; fileRef = 362B9F81273927850030CF4F /* PlanView.swift */; };
		362B9F85273927990030CF4F /* PlanViewModel.swift in Sources */ = {isa = PBXBuildFile; fileRef = 362B9F84273927990030CF4F /* PlanViewModel.swift */; };
		362B9F86273927990030CF4F /* PlanViewModel.swift in Sources */ = {isa = PBXBuildFile; fileRef = 362B9F84273927990030CF4F /* PlanViewModel.swift */; };
		3648FF0C2733CADE00F4BBB0 /* CredentialsViewModel.swift in Sources */ = {isa = PBXBuildFile; fileRef = 3648FF0B2733CADE00F4BBB0 /* CredentialsViewModel.swift */; };
		3648FF0D2733CADE00F4BBB0 /* CredentialsViewModel.swift in Sources */ = {isa = PBXBuildFile; fileRef = 3648FF0B2733CADE00F4BBB0 /* CredentialsViewModel.swift */; };
		36BF61FC2732A2B5008A4B8E /* CareersView.swift in Sources */ = {isa = PBXBuildFile; fileRef = 36BF61FB2732A2B5008A4B8E /* CareersView.swift */; };
		36BF61FD2732A2B5008A4B8E /* CareersView.swift in Sources */ = {isa = PBXBuildFile; fileRef = 36BF61FB2732A2B5008A4B8E /* CareersView.swift */; };
		36BF62032732A3FA008A4B8E /* CareersViewModel.swift in Sources */ = {isa = PBXBuildFile; fileRef = 36BF62022732A3FA008A4B8E /* CareersViewModel.swift */; };
		36BF62042732A3FA008A4B8E /* CareersViewModel.swift in Sources */ = {isa = PBXBuildFile; fileRef = 36BF62022732A3FA008A4B8E /* CareersViewModel.swift */; };
		36BF620A2732A5EC008A4B8E /* BearerTokenRequestBehaviour.swift in Sources */ = {isa = PBXBuildFile; fileRef = 36BF62092732A5EC008A4B8E /* BearerTokenRequestBehaviour.swift */; };
		36BF620B2732A5EC008A4B8E /* BearerTokenRequestBehaviour.swift in Sources */ = {isa = PBXBuildFile; fileRef = 36BF62092732A5EC008A4B8E /* BearerTokenRequestBehaviour.swift */; };
		36C5109827351BE500E388F0 /* BookletViewModel.swift in Sources */ = {isa = PBXBuildFile; fileRef = 36C5109727351BE500E388F0 /* BookletViewModel.swift */; };
		36C5109927351BE500E388F0 /* BookletViewModel.swift in Sources */ = {isa = PBXBuildFile; fileRef = 36C5109727351BE500E388F0 /* BookletViewModel.swift */; };
		36C578962735666600BB5798 /* TextView.swift in Sources */ = {isa = PBXBuildFile; fileRef = 36C578952735666600BB5798 /* TextView.swift */; };
		36C578972735666600BB5798 /* TextView.swift in Sources */ = {isa = PBXBuildFile; fileRef = 36C578952735666600BB5798 /* TextView.swift */; };
		36C57899273566A500BB5798 /* InterFontModifier.swift in Sources */ = {isa = PBXBuildFile; fileRef = 36C57898273566A500BB5798 /* InterFontModifier.swift */; };
		36C5789A273566A500BB5798 /* InterFontModifier.swift in Sources */ = {isa = PBXBuildFile; fileRef = 36C57898273566A500BB5798 /* InterFontModifier.swift */; };
		36C5789C2735672F00BB5798 /* ColorExtension.swift in Sources */ = {isa = PBXBuildFile; fileRef = 36C5789B2735672F00BB5798 /* ColorExtension.swift */; };
		36C5789D2735672F00BB5798 /* ColorExtension.swift in Sources */ = {isa = PBXBuildFile; fileRef = 36C5789B2735672F00BB5798 /* ColorExtension.swift */; };
		36D29B6E272D3690001D7698 /* NetError.swift in Sources */ = {isa = PBXBuildFile; fileRef = 36D29B6D272D3690001D7698 /* NetError.swift */; };
		36D29B6F272D3690001D7698 /* NetError.swift in Sources */ = {isa = PBXBuildFile; fileRef = 36D29B6D272D3690001D7698 /* NetError.swift */; };
		36D902CE2732DFBD00E1E16B /* LoginRequest.swift in Sources */ = {isa = PBXBuildFile; fileRef = 36D902CD2732DFBD00E1E16B /* LoginRequest.swift */; };
		36D902CF2732DFBD00E1E16B /* LoginRequest.swift in Sources */ = {isa = PBXBuildFile; fileRef = 36D902CD2732DFBD00E1E16B /* LoginRequest.swift */; };
		36DA535E272AD9EB00FE2CD4 /* CredentialsView.swift in Sources */ = {isa = PBXBuildFile; fileRef = 36DA535D272AD9EB00FE2CD4 /* CredentialsView.swift */; };
		36DA535F272AD9EB00FE2CD4 /* CredentialsView.swift in Sources */ = {isa = PBXBuildFile; fileRef = 36DA535D272AD9EB00FE2CD4 /* CredentialsView.swift */; };
		B64400232743E0A300C57AAC /* SwiftUIView.swift in Sources */ = {isa = PBXBuildFile; fileRef = B64400222743E0A300C57AAC /* SwiftUIView.swift */; };
		B64400242743E0A300C57AAC /* SwiftUIView.swift in Sources */ = {isa = PBXBuildFile; fileRef = B64400222743E0A300C57AAC /* SwiftUIView.swift */; };
		B6C82B52272A960D009CB8CA /* Tests_iOS.swift in Sources */ = {isa = PBXBuildFile; fileRef = B6C82B51272A960D009CB8CA /* Tests_iOS.swift */; };
		B6C82B54272A960D009CB8CA /* Tests_iOSLaunchTests.swift in Sources */ = {isa = PBXBuildFile; fileRef = B6C82B53272A960D009CB8CA /* Tests_iOSLaunchTests.swift */; };
		B6C82B5E272A960D009CB8CA /* Tests_macOS.swift in Sources */ = {isa = PBXBuildFile; fileRef = B6C82B5D272A960D009CB8CA /* Tests_macOS.swift */; };
		B6C82B60272A960D009CB8CA /* Tests_macOSLaunchTests.swift in Sources */ = {isa = PBXBuildFile; fileRef = B6C82B5F272A960D009CB8CA /* Tests_macOSLaunchTests.swift */; };
		B6C82B61272A960D009CB8CA /* unipi_app.xcdatamodeld in Sources */ = {isa = PBXBuildFile; fileRef = B6C82B36272A960A009CB8CA /* unipi_app.xcdatamodeld */; };
		B6C82B62272A960D009CB8CA /* unipi_app.xcdatamodeld in Sources */ = {isa = PBXBuildFile; fileRef = B6C82B36272A960A009CB8CA /* unipi_app.xcdatamodeld */; };
		B6C82B63272A960D009CB8CA /* unipi_appApp.swift in Sources */ = {isa = PBXBuildFile; fileRef = B6C82B38272A960A009CB8CA /* unipi_appApp.swift */; };
		B6C82B64272A960D009CB8CA /* unipi_appApp.swift in Sources */ = {isa = PBXBuildFile; fileRef = B6C82B38272A960A009CB8CA /* unipi_appApp.swift */; };
		B6C82B69272A960D009CB8CA /* Assets.xcassets in Resources */ = {isa = PBXBuildFile; fileRef = B6C82B3B272A960C009CB8CA /* Assets.xcassets */; };
		B6C82B6A272A960D009CB8CA /* Assets.xcassets in Resources */ = {isa = PBXBuildFile; fileRef = B6C82B3B272A960C009CB8CA /* Assets.xcassets */; };
		B6C82B7B272A9A22009CB8CA /* FacultiesView.swift in Sources */ = {isa = PBXBuildFile; fileRef = B6C82B7A272A9A22009CB8CA /* FacultiesView.swift */; };
		B6C82B7C272A9A22009CB8CA /* FacultiesView.swift in Sources */ = {isa = PBXBuildFile; fileRef = B6C82B7A272A9A22009CB8CA /* FacultiesView.swift */; };
		B6C840FC272AA5F20064AB1E /* API in Frameworks */ = {isa = PBXBuildFile; productRef = B6C840FB272AA5F20064AB1E /* API */; };
/* End PBXBuildFile section */

/* Begin PBXContainerItemProxy section */
		B6C82B4E272A960D009CB8CA /* PBXContainerItemProxy */ = {
			isa = PBXContainerItemProxy;
			containerPortal = B6C82B31272A9609009CB8CA /* Project object */;
			proxyType = 1;
			remoteGlobalIDString = B6C82B3F272A960D009CB8CA;
			remoteInfo = "unipi-app (iOS)";
		};
		B6C82B5A272A960D009CB8CA /* PBXContainerItemProxy */ = {
			isa = PBXContainerItemProxy;
			containerPortal = B6C82B31272A9609009CB8CA /* Project object */;
			proxyType = 1;
			remoteGlobalIDString = B6C82B45272A960D009CB8CA;
			remoteInfo = "unipi-app (macOS)";
		};
/* End PBXContainerItemProxy section */

/* Begin PBXFileReference section */
		2B5E5318272EC119008E48E1 /* KeychainData.swift */ = {isa = PBXFileReference; lastKnownFileType = sourcecode.swift; path = KeychainData.swift; sourceTree = "<group>"; };
		2B5E5323272FF3ED008E48E1 /* FacultiesViewModel.swift */ = {isa = PBXFileReference; lastKnownFileType = sourcecode.swift; path = FacultiesViewModel.swift; sourceTree = "<group>"; };
		2B5E53292730025E008E48E1 /* LoaderView.swift */ = {isa = PBXFileReference; lastKnownFileType = sourcecode.swift; path = LoaderView.swift; sourceTree = "<group>"; };
		2B5E532C273002BA008E48E1 /* Error+stringValue.swift */ = {isa = PBXFileReference; lastKnownFileType = sourcecode.swift; path = "Error+stringValue.swift"; sourceTree = "<group>"; };
		2B780A022731AACF00E3FC86 /* MainView.swift */ = {isa = PBXFileReference; lastKnownFileType = sourcecode.swift; path = MainView.swift; sourceTree = "<group>"; };
		2B780A062731C1E800E3FC86 /* BookletView.swift */ = {isa = PBXFileReference; lastKnownFileType = sourcecode.swift; path = BookletView.swift; sourceTree = "<group>"; };
		2BC037B7272E9A3D00B0150D /* Info.plist */ = {isa = PBXFileReference; fileEncoding = 4; lastKnownFileType = text.plist.xml; path = Info.plist; sourceTree = "<group>"; };
		2BC037F3272E9CBC00B0150D /* Info.plist */ = {isa = PBXFileReference; lastKnownFileType = text.plist.xml; path = Info.plist; sourceTree = "<group>"; };
		2BC037F7272EA6A600B0150D /* AlertData.swift */ = {isa = PBXFileReference; lastKnownFileType = sourcecode.swift; path = AlertData.swift; sourceTree = "<group>"; };
		2BC8533927401C5E004C8C39 /* Career.swift */ = {isa = PBXFileReference; lastKnownFileType = sourcecode.swift; path = Career.swift; sourceTree = "<group>"; };
		2BC8533B274030F3004C8C39 /* Faculty.swift */ = {isa = PBXFileReference; lastKnownFileType = sourcecode.swift; path = Faculty.swift; sourceTree = "<group>"; };
		2BC8533D27403202004C8C39 /* Alert+AlertData.swift */ = {isa = PBXFileReference; lastKnownFileType = sourcecode.swift; path = "Alert+AlertData.swift"; sourceTree = "<group>"; };
		2BC8533F274064D5004C8C39 /* Exam.swift */ = {isa = PBXFileReference; lastKnownFileType = sourcecode.swift; path = Exam.swift; sourceTree = "<group>"; };
		2BC85341274165C2004C8C39 /* Plan.swift */ = {isa = PBXFileReference; lastKnownFileType = sourcecode.swift; path = Plan.swift; sourceTree = "<group>"; };
		362B9F81273927850030CF4F /* PlanView.swift */ = {isa = PBXFileReference; lastKnownFileType = sourcecode.swift; path = PlanView.swift; sourceTree = "<group>"; };
		362B9F84273927990030CF4F /* PlanViewModel.swift */ = {isa = PBXFileReference; lastKnownFileType = sourcecode.swift; path = PlanViewModel.swift; sourceTree = "<group>"; };
		3648FF0B2733CADE00F4BBB0 /* CredentialsViewModel.swift */ = {isa = PBXFileReference; lastKnownFileType = sourcecode.swift; path = CredentialsViewModel.swift; sourceTree = "<group>"; };
		36BF61FB2732A2B5008A4B8E /* CareersView.swift */ = {isa = PBXFileReference; lastKnownFileType = sourcecode.swift; path = CareersView.swift; sourceTree = "<group>"; };
		36BF62022732A3FA008A4B8E /* CareersViewModel.swift */ = {isa = PBXFileReference; lastKnownFileType = sourcecode.swift; path = CareersViewModel.swift; sourceTree = "<group>"; };
		36BF62092732A5EC008A4B8E /* BearerTokenRequestBehaviour.swift */ = {isa = PBXFileReference; lastKnownFileType = sourcecode.swift; path = BearerTokenRequestBehaviour.swift; sourceTree = "<group>"; };
		36C5109727351BE500E388F0 /* BookletViewModel.swift */ = {isa = PBXFileReference; lastKnownFileType = sourcecode.swift; path = BookletViewModel.swift; sourceTree = "<group>"; };
		36C578952735666600BB5798 /* TextView.swift */ = {isa = PBXFileReference; lastKnownFileType = sourcecode.swift; path = TextView.swift; sourceTree = "<group>"; };
		36C57898273566A500BB5798 /* InterFontModifier.swift */ = {isa = PBXFileReference; lastKnownFileType = sourcecode.swift; path = InterFontModifier.swift; sourceTree = "<group>"; };
		36C5789B2735672F00BB5798 /* ColorExtension.swift */ = {isa = PBXFileReference; lastKnownFileType = sourcecode.swift; path = ColorExtension.swift; sourceTree = "<group>"; };
		36D29B6D272D3690001D7698 /* NetError.swift */ = {isa = PBXFileReference; lastKnownFileType = sourcecode.swift; path = NetError.swift; sourceTree = "<group>"; };
		36D902CD2732DFBD00E1E16B /* LoginRequest.swift */ = {isa = PBXFileReference; lastKnownFileType = sourcecode.swift; path = LoginRequest.swift; sourceTree = "<group>"; };
		36DA535D272AD9EB00FE2CD4 /* CredentialsView.swift */ = {isa = PBXFileReference; lastKnownFileType = sourcecode.swift; path = CredentialsView.swift; sourceTree = "<group>"; };
		B64400222743E0A300C57AAC /* SwiftUIView.swift */ = {isa = PBXFileReference; lastKnownFileType = sourcecode.swift; path = SwiftUIView.swift; sourceTree = "<group>"; };
		B6C82B37272A960A009CB8CA /* Shared.xcdatamodel */ = {isa = PBXFileReference; lastKnownFileType = wrapper.xcdatamodel; path = Shared.xcdatamodel; sourceTree = "<group>"; };
		B6C82B38272A960A009CB8CA /* unipi_appApp.swift */ = {isa = PBXFileReference; lastKnownFileType = sourcecode.swift; path = unipi_appApp.swift; sourceTree = "<group>"; };
		B6C82B3B272A960C009CB8CA /* Assets.xcassets */ = {isa = PBXFileReference; lastKnownFileType = folder.assetcatalog; path = Assets.xcassets; sourceTree = "<group>"; };
		B6C82B40272A960D009CB8CA /* unipi-app.app */ = {isa = PBXFileReference; explicitFileType = wrapper.application; includeInIndex = 0; path = "unipi-app.app"; sourceTree = BUILT_PRODUCTS_DIR; };
		B6C82B46272A960D009CB8CA /* unipi-app.app */ = {isa = PBXFileReference; explicitFileType = wrapper.application; includeInIndex = 0; path = "unipi-app.app"; sourceTree = BUILT_PRODUCTS_DIR; };
		B6C82B48272A960D009CB8CA /* macOS.entitlements */ = {isa = PBXFileReference; lastKnownFileType = text.plist.entitlements; path = macOS.entitlements; sourceTree = "<group>"; };
		B6C82B4D272A960D009CB8CA /* Tests iOS.xctest */ = {isa = PBXFileReference; explicitFileType = wrapper.cfbundle; includeInIndex = 0; path = "Tests iOS.xctest"; sourceTree = BUILT_PRODUCTS_DIR; };
		B6C82B51272A960D009CB8CA /* Tests_iOS.swift */ = {isa = PBXFileReference; lastKnownFileType = sourcecode.swift; path = Tests_iOS.swift; sourceTree = "<group>"; };
		B6C82B53272A960D009CB8CA /* Tests_iOSLaunchTests.swift */ = {isa = PBXFileReference; lastKnownFileType = sourcecode.swift; path = Tests_iOSLaunchTests.swift; sourceTree = "<group>"; };
		B6C82B59272A960D009CB8CA /* Tests macOS.xctest */ = {isa = PBXFileReference; explicitFileType = wrapper.cfbundle; includeInIndex = 0; path = "Tests macOS.xctest"; sourceTree = BUILT_PRODUCTS_DIR; };
		B6C82B5D272A960D009CB8CA /* Tests_macOS.swift */ = {isa = PBXFileReference; lastKnownFileType = sourcecode.swift; path = Tests_macOS.swift; sourceTree = "<group>"; };
		B6C82B5F272A960D009CB8CA /* Tests_macOSLaunchTests.swift */ = {isa = PBXFileReference; lastKnownFileType = sourcecode.swift; path = Tests_macOSLaunchTests.swift; sourceTree = "<group>"; };
		B6C82B7A272A9A22009CB8CA /* FacultiesView.swift */ = {isa = PBXFileReference; lastKnownFileType = sourcecode.swift; path = FacultiesView.swift; sourceTree = "<group>"; };
		B6C840F9272AA54A0064AB1E /* unipi-sdk */ = {isa = PBXFileReference; lastKnownFileType = folder; name = "unipi-sdk"; path = "../unipi-sdk"; sourceTree = "<group>"; };
/* End PBXFileReference section */

/* Begin PBXFrameworksBuildPhase section */
		B6C82B3D272A960D009CB8CA /* Frameworks */ = {
			isa = PBXFrameworksBuildPhase;
			buildActionMask = 2147483647;
			files = (
				B6C840FC272AA5F20064AB1E /* API in Frameworks */,
				2B5E5316272EC053008E48E1 /* KeychainStored in Frameworks */,
			);
			runOnlyForDeploymentPostprocessing = 0;
		};
		B6C82B43272A960D009CB8CA /* Frameworks */ = {
			isa = PBXFrameworksBuildPhase;
			buildActionMask = 2147483647;
			files = (
				2BC037F5272E9D0D00B0150D /* API in Frameworks */,
				2B5E531C272EC1D1008E48E1 /* KeychainStored in Frameworks */,
			);
			runOnlyForDeploymentPostprocessing = 0;
		};
		B6C82B4A272A960D009CB8CA /* Frameworks */ = {
			isa = PBXFrameworksBuildPhase;
			buildActionMask = 2147483647;
			files = (
			);
			runOnlyForDeploymentPostprocessing = 0;
		};
		B6C82B56272A960D009CB8CA /* Frameworks */ = {
			isa = PBXFrameworksBuildPhase;
			buildActionMask = 2147483647;
			files = (
			);
			runOnlyForDeploymentPostprocessing = 0;
		};
/* End PBXFrameworksBuildPhase section */

/* Begin PBXGroup section */
		2B5E5317272EC082008E48E1 /* Views */ = {
			isa = PBXGroup;
			children = (
				362B9F80273927710030CF4F /* Plan */,
				36BF61FA2732A295008A4B8E /* Careers */,
				2B780A052731C1D700E3FC86 /* Booklet */,
				2B780A012731AABA00E3FC86 /* MainView */,
				2B5E5327273001B0008E48E1 /* Credentials */,
				2B5E5326273001A3008E48E1 /* Faculties */,
			);
			path = Views;
			sourceTree = "<group>";
		};
		2B5E5326273001A3008E48E1 /* Faculties */ = {
			isa = PBXGroup;
			children = (
				B6C82B7A272A9A22009CB8CA /* FacultiesView.swift */,
				2B5E5323272FF3ED008E48E1 /* FacultiesViewModel.swift */,
			);
			path = Faculties;
			sourceTree = "<group>";
		};
		2B5E5327273001B0008E48E1 /* Credentials */ = {
			isa = PBXGroup;
			children = (
				36DA535D272AD9EB00FE2CD4 /* CredentialsView.swift */,
				3648FF0B2733CADE00F4BBB0 /* CredentialsViewModel.swift */,
			);
			path = Credentials;
			sourceTree = "<group>";
		};
		2B5E53282730024D008E48E1 /* ViewModifiers */ = {
			isa = PBXGroup;
			children = (
				2B5E53292730025E008E48E1 /* LoaderView.swift */,
			);
			path = ViewModifiers;
			sourceTree = "<group>";
		};
		2B780A012731AABA00E3FC86 /* MainView */ = {
			isa = PBXGroup;
			children = (
				2B780A022731AACF00E3FC86 /* MainView.swift */,
			);
			path = MainView;
			sourceTree = "<group>";
		};
		2B780A052731C1D700E3FC86 /* Booklet */ = {
			isa = PBXGroup;
			children = (
				2B780A062731C1E800E3FC86 /* BookletView.swift */,
				36C5109727351BE500E388F0 /* BookletViewModel.swift */,
			);
			path = Booklet;
			sourceTree = "<group>";
		};
		2BC037B6272E9A3D00B0150D /* iOS */ = {
			isa = PBXGroup;
			children = (
				2BC037B7272E9A3D00B0150D /* Info.plist */,
			);
			path = iOS;
			sourceTree = "<group>";
		};
		2BC037F6272EA69A00B0150D /* Utils */ = {
			isa = PBXGroup;
			children = (
				2B5E53282730024D008E48E1 /* ViewModifiers */,
				36D29B6D272D3690001D7698 /* NetError.swift */,
				2B5E532C273002BA008E48E1 /* Error+stringValue.swift */,
				2BC037F7272EA6A600B0150D /* AlertData.swift */,
				2BC8533D27403202004C8C39 /* Alert+AlertData.swift */,
				2B5E5318272EC119008E48E1 /* KeychainData.swift */,
			);
			path = Utils;
			sourceTree = "<group>";
		};
		2BC8533827401C50004C8C39 /* Models */ = {
			isa = PBXGroup;
			children = (
				2BC8533927401C5E004C8C39 /* Career.swift */,
				2BC8533B274030F3004C8C39 /* Faculty.swift */,
				2BC8533F274064D5004C8C39 /* Exam.swift */,
				2BC85341274165C2004C8C39 /* Plan.swift */,
			);
			path = Models;
			sourceTree = "<group>";
		};
		362B9F80273927710030CF4F /* Plan */ = {
			isa = PBXGroup;
			children = (
				362B9F81273927850030CF4F /* PlanView.swift */,
				362B9F84273927990030CF4F /* PlanViewModel.swift */,
			);
			path = Plan;
			sourceTree = "<group>";
		};
		36BF61FA2732A295008A4B8E /* Careers */ = {
			isa = PBXGroup;
			children = (
				36BF61FB2732A2B5008A4B8E /* CareersView.swift */,
				B64400222743E0A300C57AAC /* SwiftUIView.swift */,
				36BF62022732A3FA008A4B8E /* CareersViewModel.swift */,
			);
			path = Careers;
			sourceTree = "<group>";
		};
		36C578942735664700BB5798 /* ViewHelpers */ = {
			isa = PBXGroup;
			children = (
				36C578952735666600BB5798 /* TextView.swift */,
				36C57898273566A500BB5798 /* InterFontModifier.swift */,
				36C5789B2735672F00BB5798 /* ColorExtension.swift */,
			);
			path = ViewHelpers;
			sourceTree = "<group>";
		};
		36D902CC2732DF9E00E1E16B /* Security */ = {
			isa = PBXGroup;
			children = (
				36BF62092732A5EC008A4B8E /* BearerTokenRequestBehaviour.swift */,
				36D902CD2732DFBD00E1E16B /* LoginRequest.swift */,
			);
			path = Security;
			sourceTree = "<group>";
		};
		B6C82B30272A9609009CB8CA = {
			isa = PBXGroup;
			children = (
				B6C840F8272AA54A0064AB1E /* Packages */,
				B6C82B35272A960A009CB8CA /* Shared */,
				2BC037B6272E9A3D00B0150D /* iOS */,
				B6C82B47272A960D009CB8CA /* macOS */,
				B6C82B50272A960D009CB8CA /* Tests iOS */,
				B6C82B5C272A960D009CB8CA /* Tests macOS */,
				B6C82B41272A960D009CB8CA /* Products */,
				B6C840FA272AA5F20064AB1E /* Frameworks */,
			);
			sourceTree = "<group>";
		};
		B6C82B35272A960A009CB8CA /* Shared */ = {
			isa = PBXGroup;
			children = (
				2BC8533827401C50004C8C39 /* Models */,
				36C578942735664700BB5798 /* ViewHelpers */,
				36D902CC2732DF9E00E1E16B /* Security */,
				B6C82B38272A960A009CB8CA /* unipi_appApp.swift */,
				2B5E5317272EC082008E48E1 /* Views */,
				2BC037F6272EA69A00B0150D /* Utils */,
				B6C82B3B272A960C009CB8CA /* Assets.xcassets */,
				B6C82B36272A960A009CB8CA /* unipi_app.xcdatamodeld */,
			);
			path = Shared;
			sourceTree = "<group>";
		};
		B6C82B41272A960D009CB8CA /* Products */ = {
			isa = PBXGroup;
			children = (
				B6C82B40272A960D009CB8CA /* unipi-app.app */,
				B6C82B46272A960D009CB8CA /* unipi-app.app */,
				B6C82B4D272A960D009CB8CA /* Tests iOS.xctest */,
				B6C82B59272A960D009CB8CA /* Tests macOS.xctest */,
			);
			name = Products;
			sourceTree = "<group>";
		};
		B6C82B47272A960D009CB8CA /* macOS */ = {
			isa = PBXGroup;
			children = (
				2BC037F3272E9CBC00B0150D /* Info.plist */,
				B6C82B48272A960D009CB8CA /* macOS.entitlements */,
			);
			path = macOS;
			sourceTree = "<group>";
		};
		B6C82B50272A960D009CB8CA /* Tests iOS */ = {
			isa = PBXGroup;
			children = (
				B6C82B51272A960D009CB8CA /* Tests_iOS.swift */,
				B6C82B53272A960D009CB8CA /* Tests_iOSLaunchTests.swift */,
			);
			path = "Tests iOS";
			sourceTree = "<group>";
		};
		B6C82B5C272A960D009CB8CA /* Tests macOS */ = {
			isa = PBXGroup;
			children = (
				B6C82B5D272A960D009CB8CA /* Tests_macOS.swift */,
				B6C82B5F272A960D009CB8CA /* Tests_macOSLaunchTests.swift */,
			);
			path = "Tests macOS";
			sourceTree = "<group>";
		};
		B6C840F8272AA54A0064AB1E /* Packages */ = {
			isa = PBXGroup;
			children = (
				B6C840F9272AA54A0064AB1E /* unipi-sdk */,
			);
			name = Packages;
			sourceTree = "<group>";
		};
		B6C840FA272AA5F20064AB1E /* Frameworks */ = {
			isa = PBXGroup;
			children = (
			);
			name = Frameworks;
			sourceTree = "<group>";
		};
/* End PBXGroup section */

/* Begin PBXNativeTarget section */
		B6C82B3F272A960D009CB8CA /* unipi-app (iOS) */ = {
			isa = PBXNativeTarget;
			buildConfigurationList = B6C82B6D272A960D009CB8CA /* Build configuration list for PBXNativeTarget "unipi-app (iOS)" */;
			buildPhases = (
				B6C82B3C272A960D009CB8CA /* Sources */,
				B6C82B3D272A960D009CB8CA /* Frameworks */,
				B6C82B3E272A960D009CB8CA /* Resources */,
			);
			buildRules = (
			);
			dependencies = (
			);
			name = "unipi-app (iOS)";
			packageProductDependencies = (
				B6C840FB272AA5F20064AB1E /* API */,
				2B5E5315272EC053008E48E1 /* KeychainStored */,
			);
			productName = "unipi-app (iOS)";
			productReference = B6C82B40272A960D009CB8CA /* unipi-app.app */;
			productType = "com.apple.product-type.application";
		};
		B6C82B45272A960D009CB8CA /* unipi-app (macOS) */ = {
			isa = PBXNativeTarget;
			buildConfigurationList = B6C82B70272A960D009CB8CA /* Build configuration list for PBXNativeTarget "unipi-app (macOS)" */;
			buildPhases = (
				B6C82B42272A960D009CB8CA /* Sources */,
				B6C82B43272A960D009CB8CA /* Frameworks */,
				B6C82B44272A960D009CB8CA /* Resources */,
			);
			buildRules = (
			);
			dependencies = (
			);
			name = "unipi-app (macOS)";
			packageProductDependencies = (
				2BC037F4272E9D0D00B0150D /* API */,
				2B5E531B272EC1D1008E48E1 /* KeychainStored */,
			);
			productName = "unipi-app (macOS)";
			productReference = B6C82B46272A960D009CB8CA /* unipi-app.app */;
			productType = "com.apple.product-type.application";
		};
		B6C82B4C272A960D009CB8CA /* Tests iOS */ = {
			isa = PBXNativeTarget;
			buildConfigurationList = B6C82B73272A960D009CB8CA /* Build configuration list for PBXNativeTarget "Tests iOS" */;
			buildPhases = (
				B6C82B49272A960D009CB8CA /* Sources */,
				B6C82B4A272A960D009CB8CA /* Frameworks */,
				B6C82B4B272A960D009CB8CA /* Resources */,
			);
			buildRules = (
			);
			dependencies = (
				B6C82B4F272A960D009CB8CA /* PBXTargetDependency */,
			);
			name = "Tests iOS";
			productName = "Tests iOS";
			productReference = B6C82B4D272A960D009CB8CA /* Tests iOS.xctest */;
			productType = "com.apple.product-type.bundle.ui-testing";
		};
		B6C82B58272A960D009CB8CA /* Tests macOS */ = {
			isa = PBXNativeTarget;
			buildConfigurationList = B6C82B76272A960D009CB8CA /* Build configuration list for PBXNativeTarget "Tests macOS" */;
			buildPhases = (
				B6C82B55272A960D009CB8CA /* Sources */,
				B6C82B56272A960D009CB8CA /* Frameworks */,
				B6C82B57272A960D009CB8CA /* Resources */,
			);
			buildRules = (
			);
			dependencies = (
				B6C82B5B272A960D009CB8CA /* PBXTargetDependency */,
			);
			name = "Tests macOS";
			productName = "Tests macOS";
			productReference = B6C82B59272A960D009CB8CA /* Tests macOS.xctest */;
			productType = "com.apple.product-type.bundle.ui-testing";
		};
/* End PBXNativeTarget section */

/* Begin PBXProject section */
		B6C82B31272A9609009CB8CA /* Project object */ = {
			isa = PBXProject;
			attributes = {
				BuildIndependentTargetsInParallel = 1;
				LastSwiftUpdateCheck = 1300;
				LastUpgradeCheck = 1300;
				TargetAttributes = {
					B6C82B3F272A960D009CB8CA = {
						CreatedOnToolsVersion = 13.0;
					};
					B6C82B45272A960D009CB8CA = {
						CreatedOnToolsVersion = 13.0;
					};
					B6C82B4C272A960D009CB8CA = {
						CreatedOnToolsVersion = 13.0;
						TestTargetID = B6C82B3F272A960D009CB8CA;
					};
					B6C82B58272A960D009CB8CA = {
						CreatedOnToolsVersion = 13.0;
						TestTargetID = B6C82B45272A960D009CB8CA;
					};
				};
			};
			buildConfigurationList = B6C82B34272A9609009CB8CA /* Build configuration list for PBXProject "unipi-app" */;
			compatibilityVersion = "Xcode 12.0";
			developmentRegion = en;
			hasScannedForEncodings = 0;
			knownRegions = (
				en,
				Base,
			);
			mainGroup = B6C82B30272A9609009CB8CA;
			packageReferences = (
				2B5E5314272EC053008E48E1 /* XCRemoteSwiftPackageReference "KeychainStored" */,
			);
			productRefGroup = B6C82B41272A960D009CB8CA /* Products */;
			projectDirPath = "";
			projectRoot = "";
			targets = (
				B6C82B3F272A960D009CB8CA /* unipi-app (iOS) */,
				B6C82B45272A960D009CB8CA /* unipi-app (macOS) */,
				B6C82B4C272A960D009CB8CA /* Tests iOS */,
				B6C82B58272A960D009CB8CA /* Tests macOS */,
			);
		};
/* End PBXProject section */

/* Begin PBXResourcesBuildPhase section */
		B6C82B3E272A960D009CB8CA /* Resources */ = {
			isa = PBXResourcesBuildPhase;
			buildActionMask = 2147483647;
			files = (
				B6C82B69272A960D009CB8CA /* Assets.xcassets in Resources */,
			);
			runOnlyForDeploymentPostprocessing = 0;
		};
		B6C82B44272A960D009CB8CA /* Resources */ = {
			isa = PBXResourcesBuildPhase;
			buildActionMask = 2147483647;
			files = (
				B6C82B6A272A960D009CB8CA /* Assets.xcassets in Resources */,
			);
			runOnlyForDeploymentPostprocessing = 0;
		};
		B6C82B4B272A960D009CB8CA /* Resources */ = {
			isa = PBXResourcesBuildPhase;
			buildActionMask = 2147483647;
			files = (
			);
			runOnlyForDeploymentPostprocessing = 0;
		};
		B6C82B57272A960D009CB8CA /* Resources */ = {
			isa = PBXResourcesBuildPhase;
			buildActionMask = 2147483647;
			files = (
			);
			runOnlyForDeploymentPostprocessing = 0;
		};
/* End PBXResourcesBuildPhase section */

/* Begin PBXSourcesBuildPhase section */
		B6C82B3C272A960D009CB8CA /* Sources */ = {
			isa = PBXSourcesBuildPhase;
			buildActionMask = 2147483647;
			files = (
				36BF61FC2732A2B5008A4B8E /* CareersView.swift in Sources */,
				2BC85340274064D5004C8C39 /* Exam.swift in Sources */,
				2BC8533A27401C5E004C8C39 /* Career.swift in Sources */,
				3648FF0C2733CADE00F4BBB0 /* CredentialsViewModel.swift in Sources */,
				36D902CE2732DFBD00E1E16B /* LoginRequest.swift in Sources */,
				2B780A072731C1E800E3FC86 /* BookletView.swift in Sources */,
				2BC8533E27403202004C8C39 /* Alert+AlertData.swift in Sources */,
				2B5E532D273002BA008E48E1 /* Error+stringValue.swift in Sources */,
				2B5E5319272EC119008E48E1 /* KeychainData.swift in Sources */,
				36BF620A2732A5EC008A4B8E /* BearerTokenRequestBehaviour.swift in Sources */,
				362B9F82273927850030CF4F /* PlanView.swift in Sources */,
				B6C82B7B272A9A22009CB8CA /* FacultiesView.swift in Sources */,
				36DA535E272AD9EB00FE2CD4 /* CredentialsView.swift in Sources */,
				36D29B6E272D3690001D7698 /* NetError.swift in Sources */,
				B6C82B61272A960D009CB8CA /* unipi_app.xcdatamodeld in Sources */,
				362B9F85273927990030CF4F /* PlanViewModel.swift in Sources */,
				2BC85342274165C2004C8C39 /* Plan.swift in Sources */,
				36BF62032732A3FA008A4B8E /* CareersViewModel.swift in Sources */,
				36C5789C2735672F00BB5798 /* ColorExtension.swift in Sources */,
				2BC8533C274030F3004C8C39 /* Faculty.swift in Sources */,
				2BC037F8272EA6A600B0150D /* AlertData.swift in Sources */,
				36C5109827351BE500E388F0 /* BookletViewModel.swift in Sources */,
				2B780A032731AACF00E3FC86 /* MainView.swift in Sources */,
				B6C82B63272A960D009CB8CA /* unipi_appApp.swift in Sources */,
				2B5E5324272FF3ED008E48E1 /* FacultiesViewModel.swift in Sources */,
				36C578962735666600BB5798 /* TextView.swift in Sources */,
				B64400232743E0A300C57AAC /* SwiftUIView.swift in Sources */,
				36C57899273566A500BB5798 /* InterFontModifier.swift in Sources */,
				2B5E532A2730025E008E48E1 /* LoaderView.swift in Sources */,
			);
			runOnlyForDeploymentPostprocessing = 0;
		};
		B6C82B42272A960D009CB8CA /* Sources */ = {
			isa = PBXSourcesBuildPhase;
			buildActionMask = 2147483647;
			files = (
				2BED871027416F3900CF9625 /* Faculty.swift in Sources */,
				36BF61FD2732A2B5008A4B8E /* CareersView.swift in Sources */,
				2BED870F27416F3600CF9625 /* Career.swift in Sources */,
				3648FF0D2733CADE00F4BBB0 /* CredentialsViewModel.swift in Sources */,
				2BED871127416F3B00CF9625 /* Exam.swift in Sources */,
				2BED871227416F3E00CF9625 /* Plan.swift in Sources */,
				36D902CF2732DFBD00E1E16B /* LoginRequest.swift in Sources */,
				2B780A082731C1E800E3FC86 /* BookletView.swift in Sources */,
				2B5E532E273002BA008E48E1 /* Error+stringValue.swift in Sources */,
				2B5E531A272EC119008E48E1 /* KeychainData.swift in Sources */,
				36BF620B2732A5EC008A4B8E /* BearerTokenRequestBehaviour.swift in Sources */,
				362B9F83273927850030CF4F /* PlanView.swift in Sources */,
				B6C82B7C272A9A22009CB8CA /* FacultiesView.swift in Sources */,
				2BED871327416FCC00CF9625 /* Alert+AlertData.swift in Sources */,
				36DA535F272AD9EB00FE2CD4 /* CredentialsView.swift in Sources */,
				36D29B6F272D3690001D7698 /* NetError.swift in Sources */,
				B6C82B62272A960D009CB8CA /* unipi_app.xcdatamodeld in Sources */,
				362B9F86273927990030CF4F /* PlanViewModel.swift in Sources */,
				36BF62042732A3FA008A4B8E /* CareersViewModel.swift in Sources */,
				36C5789D2735672F00BB5798 /* ColorExtension.swift in Sources */,
				2BC037F9272EA71C00B0150D /* AlertData.swift in Sources */,
				36C5109927351BE500E388F0 /* BookletViewModel.swift in Sources */,
				2B780A042731AACF00E3FC86 /* MainView.swift in Sources */,
				B6C82B64272A960D009CB8CA /* unipi_appApp.swift in Sources */,
				2B5E5325272FF3ED008E48E1 /* FacultiesViewModel.swift in Sources */,
				36C578972735666600BB5798 /* TextView.swift in Sources */,
				B64400242743E0A300C57AAC /* SwiftUIView.swift in Sources */,
				36C5789A273566A500BB5798 /* InterFontModifier.swift in Sources */,
				2B5E532B2730025E008E48E1 /* LoaderView.swift in Sources */,
			);
			runOnlyForDeploymentPostprocessing = 0;
		};
		B6C82B49272A960D009CB8CA /* Sources */ = {
			isa = PBXSourcesBuildPhase;
			buildActionMask = 2147483647;
			files = (
				B6C82B54272A960D009CB8CA /* Tests_iOSLaunchTests.swift in Sources */,
				B6C82B52272A960D009CB8CA /* Tests_iOS.swift in Sources */,
			);
			runOnlyForDeploymentPostprocessing = 0;
		};
		B6C82B55272A960D009CB8CA /* Sources */ = {
			isa = PBXSourcesBuildPhase;
			buildActionMask = 2147483647;
			files = (
				B6C82B60272A960D009CB8CA /* Tests_macOSLaunchTests.swift in Sources */,
				B6C82B5E272A960D009CB8CA /* Tests_macOS.swift in Sources */,
			);
			runOnlyForDeploymentPostprocessing = 0;
		};
/* End PBXSourcesBuildPhase section */

/* Begin PBXTargetDependency section */
		B6C82B4F272A960D009CB8CA /* PBXTargetDependency */ = {
			isa = PBXTargetDependency;
			target = B6C82B3F272A960D009CB8CA /* unipi-app (iOS) */;
			targetProxy = B6C82B4E272A960D009CB8CA /* PBXContainerItemProxy */;
		};
		B6C82B5B272A960D009CB8CA /* PBXTargetDependency */ = {
			isa = PBXTargetDependency;
			target = B6C82B45272A960D009CB8CA /* unipi-app (macOS) */;
			targetProxy = B6C82B5A272A960D009CB8CA /* PBXContainerItemProxy */;
		};
/* End PBXTargetDependency section */

/* Begin XCBuildConfiguration section */
		B6C82B6B272A960D009CB8CA /* Debug */ = {
			isa = XCBuildConfiguration;
			buildSettings = {
				ALWAYS_SEARCH_USER_PATHS = NO;
				CLANG_ANALYZER_NONNULL = YES;
				CLANG_ANALYZER_NUMBER_OBJECT_CONVERSION = YES_AGGRESSIVE;
				CLANG_CXX_LANGUAGE_STANDARD = "gnu++17";
				CLANG_CXX_LIBRARY = "libc++";
				CLANG_ENABLE_MODULES = YES;
				CLANG_ENABLE_OBJC_ARC = YES;
				CLANG_ENABLE_OBJC_WEAK = YES;
				CLANG_WARN_BLOCK_CAPTURE_AUTORELEASING = YES;
				CLANG_WARN_BOOL_CONVERSION = YES;
				CLANG_WARN_COMMA = YES;
				CLANG_WARN_CONSTANT_CONVERSION = YES;
				CLANG_WARN_DEPRECATED_OBJC_IMPLEMENTATIONS = YES;
				CLANG_WARN_DIRECT_OBJC_ISA_USAGE = YES_ERROR;
				CLANG_WARN_DOCUMENTATION_COMMENTS = YES;
				CLANG_WARN_EMPTY_BODY = YES;
				CLANG_WARN_ENUM_CONVERSION = YES;
				CLANG_WARN_INFINITE_RECURSION = YES;
				CLANG_WARN_INT_CONVERSION = YES;
				CLANG_WARN_NON_LITERAL_NULL_CONVERSION = YES;
				CLANG_WARN_OBJC_IMPLICIT_RETAIN_SELF = YES;
				CLANG_WARN_OBJC_LITERAL_CONVERSION = YES;
				CLANG_WARN_OBJC_ROOT_CLASS = YES_ERROR;
				CLANG_WARN_QUOTED_INCLUDE_IN_FRAMEWORK_HEADER = YES;
				CLANG_WARN_RANGE_LOOP_ANALYSIS = YES;
				CLANG_WARN_STRICT_PROTOTYPES = YES;
				CLANG_WARN_SUSPICIOUS_MOVE = YES;
				CLANG_WARN_UNGUARDED_AVAILABILITY = YES_AGGRESSIVE;
				CLANG_WARN_UNREACHABLE_CODE = YES;
				CLANG_WARN__DUPLICATE_METHOD_MATCH = YES;
				COPY_PHASE_STRIP = NO;
				DEBUG_INFORMATION_FORMAT = dwarf;
				ENABLE_STRICT_OBJC_MSGSEND = YES;
				ENABLE_TESTABILITY = YES;
				GCC_C_LANGUAGE_STANDARD = gnu11;
				GCC_DYNAMIC_NO_PIC = NO;
				GCC_NO_COMMON_BLOCKS = YES;
				GCC_OPTIMIZATION_LEVEL = 0;
				GCC_PREPROCESSOR_DEFINITIONS = (
					"DEBUG=1",
					"$(inherited)",
				);
				GCC_WARN_64_TO_32_BIT_CONVERSION = YES;
				GCC_WARN_ABOUT_RETURN_TYPE = YES_ERROR;
				GCC_WARN_UNDECLARED_SELECTOR = YES;
				GCC_WARN_UNINITIALIZED_AUTOS = YES_AGGRESSIVE;
				GCC_WARN_UNUSED_FUNCTION = YES;
				GCC_WARN_UNUSED_VARIABLE = YES;
				MTL_ENABLE_DEBUG_INFO = INCLUDE_SOURCE;
				MTL_FAST_MATH = YES;
				ONLY_ACTIVE_ARCH = YES;
				SWIFT_ACTIVE_COMPILATION_CONDITIONS = DEBUG;
				SWIFT_OPTIMIZATION_LEVEL = "-Onone";
			};
			name = Debug;
		};
		B6C82B6C272A960D009CB8CA /* Release */ = {
			isa = XCBuildConfiguration;
			buildSettings = {
				ALWAYS_SEARCH_USER_PATHS = NO;
				CLANG_ANALYZER_NONNULL = YES;
				CLANG_ANALYZER_NUMBER_OBJECT_CONVERSION = YES_AGGRESSIVE;
				CLANG_CXX_LANGUAGE_STANDARD = "gnu++17";
				CLANG_CXX_LIBRARY = "libc++";
				CLANG_ENABLE_MODULES = YES;
				CLANG_ENABLE_OBJC_ARC = YES;
				CLANG_ENABLE_OBJC_WEAK = YES;
				CLANG_WARN_BLOCK_CAPTURE_AUTORELEASING = YES;
				CLANG_WARN_BOOL_CONVERSION = YES;
				CLANG_WARN_COMMA = YES;
				CLANG_WARN_CONSTANT_CONVERSION = YES;
				CLANG_WARN_DEPRECATED_OBJC_IMPLEMENTATIONS = YES;
				CLANG_WARN_DIRECT_OBJC_ISA_USAGE = YES_ERROR;
				CLANG_WARN_DOCUMENTATION_COMMENTS = YES;
				CLANG_WARN_EMPTY_BODY = YES;
				CLANG_WARN_ENUM_CONVERSION = YES;
				CLANG_WARN_INFINITE_RECURSION = YES;
				CLANG_WARN_INT_CONVERSION = YES;
				CLANG_WARN_NON_LITERAL_NULL_CONVERSION = YES;
				CLANG_WARN_OBJC_IMPLICIT_RETAIN_SELF = YES;
				CLANG_WARN_OBJC_LITERAL_CONVERSION = YES;
				CLANG_WARN_OBJC_ROOT_CLASS = YES_ERROR;
				CLANG_WARN_QUOTED_INCLUDE_IN_FRAMEWORK_HEADER = YES;
				CLANG_WARN_RANGE_LOOP_ANALYSIS = YES;
				CLANG_WARN_STRICT_PROTOTYPES = YES;
				CLANG_WARN_SUSPICIOUS_MOVE = YES;
				CLANG_WARN_UNGUARDED_AVAILABILITY = YES_AGGRESSIVE;
				CLANG_WARN_UNREACHABLE_CODE = YES;
				CLANG_WARN__DUPLICATE_METHOD_MATCH = YES;
				COPY_PHASE_STRIP = NO;
				DEBUG_INFORMATION_FORMAT = "dwarf-with-dsym";
				ENABLE_NS_ASSERTIONS = NO;
				ENABLE_STRICT_OBJC_MSGSEND = YES;
				GCC_C_LANGUAGE_STANDARD = gnu11;
				GCC_NO_COMMON_BLOCKS = YES;
				GCC_WARN_64_TO_32_BIT_CONVERSION = YES;
				GCC_WARN_ABOUT_RETURN_TYPE = YES_ERROR;
				GCC_WARN_UNDECLARED_SELECTOR = YES;
				GCC_WARN_UNINITIALIZED_AUTOS = YES_AGGRESSIVE;
				GCC_WARN_UNUSED_FUNCTION = YES;
				GCC_WARN_UNUSED_VARIABLE = YES;
				MTL_ENABLE_DEBUG_INFO = NO;
				MTL_FAST_MATH = YES;
				SWIFT_COMPILATION_MODE = wholemodule;
				SWIFT_OPTIMIZATION_LEVEL = "-O";
			};
			name = Release;
		};
		B6C82B6E272A960D009CB8CA /* Debug */ = {
			isa = XCBuildConfiguration;
			buildSettings = {
				ASSETCATALOG_COMPILER_APPICON_NAME = AppIcon;
				ASSETCATALOG_COMPILER_GLOBAL_ACCENT_COLOR_NAME = AccentColor;
				CODE_SIGN_STYLE = Automatic;
				CURRENT_PROJECT_VERSION = 1;
				DEVELOPMENT_TEAM = "";
				ENABLE_PREVIEWS = YES;
				GENERATE_INFOPLIST_FILE = YES;
				"INFOPLIST_FILE[sdk=*]" = Info.plist;
				INFOPLIST_KEY_UIApplicationSceneManifest_Generation = YES;
				INFOPLIST_KEY_UIApplicationSupportsIndirectInputEvents = YES;
				INFOPLIST_KEY_UILaunchScreen_Generation = YES;
				INFOPLIST_KEY_UISupportedInterfaceOrientations_iPad = "UIInterfaceOrientationPortrait UIInterfaceOrientationPortraitUpsideDown UIInterfaceOrientationLandscapeLeft UIInterfaceOrientationLandscapeRight";
				INFOPLIST_KEY_UISupportedInterfaceOrientations_iPhone = "UIInterfaceOrientationPortrait UIInterfaceOrientationLandscapeLeft UIInterfaceOrientationLandscapeRight";
				IPHONEOS_DEPLOYMENT_TARGET = 14.0;
				LD_RUNPATH_SEARCH_PATHS = (
					"$(inherited)",
					"@executable_path/Frameworks",
				);
				MARKETING_VERSION = 1.0;
				PRODUCT_BUNDLE_IDENTIFIER = "com.catania.unipi-app";
				PRODUCT_NAME = "unipi-app";
				SDKROOT = iphoneos;
				SWIFT_EMIT_LOC_STRINGS = YES;
				SWIFT_VERSION = 5.0;
				TARGETED_DEVICE_FAMILY = "1,2";
			};
			name = Debug;
		};
		B6C82B6F272A960D009CB8CA /* Release */ = {
			isa = XCBuildConfiguration;
			buildSettings = {
				ASSETCATALOG_COMPILER_APPICON_NAME = AppIcon;
				ASSETCATALOG_COMPILER_GLOBAL_ACCENT_COLOR_NAME = AccentColor;
				CODE_SIGN_STYLE = Automatic;
				CURRENT_PROJECT_VERSION = 1;
				DEVELOPMENT_TEAM = "";
				ENABLE_PREVIEWS = YES;
				GENERATE_INFOPLIST_FILE = YES;
				INFOPLIST_FILE = "$(SRCROOT)/iOS/Info.plist";
				INFOPLIST_KEY_UIApplicationSceneManifest_Generation = YES;
				INFOPLIST_KEY_UIApplicationSupportsIndirectInputEvents = YES;
				INFOPLIST_KEY_UILaunchScreen_Generation = YES;
				INFOPLIST_KEY_UISupportedInterfaceOrientations_iPad = "UIInterfaceOrientationPortrait UIInterfaceOrientationPortraitUpsideDown UIInterfaceOrientationLandscapeLeft UIInterfaceOrientationLandscapeRight";
				INFOPLIST_KEY_UISupportedInterfaceOrientations_iPhone = "UIInterfaceOrientationPortrait UIInterfaceOrientationLandscapeLeft UIInterfaceOrientationLandscapeRight";
				IPHONEOS_DEPLOYMENT_TARGET = 14.0;
				LD_RUNPATH_SEARCH_PATHS = (
					"$(inherited)",
					"@executable_path/Frameworks",
				);
				MARKETING_VERSION = 1.0;
				PRODUCT_BUNDLE_IDENTIFIER = "com.catania.unipi-app";
				PRODUCT_NAME = "unipi-app";
				SDKROOT = iphoneos;
				SWIFT_EMIT_LOC_STRINGS = YES;
				SWIFT_VERSION = 5.0;
				TARGETED_DEVICE_FAMILY = "1,2";
				VALIDATE_PRODUCT = YES;
			};
			name = Release;
		};
		B6C82B71272A960D009CB8CA /* Debug */ = {
			isa = XCBuildConfiguration;
			buildSettings = {
				ASSETCATALOG_COMPILER_APPICON_NAME = AppIcon;
				ASSETCATALOG_COMPILER_GLOBAL_ACCENT_COLOR_NAME = AccentColor;
				CODE_SIGN_ENTITLEMENTS = macOS/macOS.entitlements;
				CODE_SIGN_STYLE = Automatic;
				COMBINE_HIDPI_IMAGES = YES;
				CURRENT_PROJECT_VERSION = 1;
				DEVELOPMENT_TEAM = "";
				ENABLE_HARDENED_RUNTIME = YES;
				ENABLE_PREVIEWS = YES;
				GENERATE_INFOPLIST_FILE = YES;
				INFOPLIST_FILE = "$(SRCROOT)/macOS/Info.plist";
				INFOPLIST_KEY_NSHumanReadableCopyright = "";
				LD_RUNPATH_SEARCH_PATHS = (
					"$(inherited)",
					"@executable_path/../Frameworks",
				);
				MACOSX_DEPLOYMENT_TARGET = 11.0;
				MARKETING_VERSION = 1.0;
				PRODUCT_BUNDLE_IDENTIFIER = "com.catania.unipi-app";
				PRODUCT_NAME = "unipi-app";
				SDKROOT = macosx;
				SWIFT_EMIT_LOC_STRINGS = YES;
				SWIFT_VERSION = 5.0;
			};
			name = Debug;
		};
		B6C82B72272A960D009CB8CA /* Release */ = {
			isa = XCBuildConfiguration;
			buildSettings = {
				ASSETCATALOG_COMPILER_APPICON_NAME = AppIcon;
				ASSETCATALOG_COMPILER_GLOBAL_ACCENT_COLOR_NAME = AccentColor;
				CODE_SIGN_ENTITLEMENTS = macOS/macOS.entitlements;
				CODE_SIGN_STYLE = Automatic;
				COMBINE_HIDPI_IMAGES = YES;
				CURRENT_PROJECT_VERSION = 1;
				DEVELOPMENT_TEAM = "";
				ENABLE_HARDENED_RUNTIME = YES;
				ENABLE_PREVIEWS = YES;
				GENERATE_INFOPLIST_FILE = YES;
				INFOPLIST_FILE = "$(SRCROOT)/macOS/Info.plist";
				INFOPLIST_KEY_NSHumanReadableCopyright = "";
				LD_RUNPATH_SEARCH_PATHS = (
					"$(inherited)",
					"@executable_path/../Frameworks",
				);
				MACOSX_DEPLOYMENT_TARGET = 11.0;
				MARKETING_VERSION = 1.0;
				PRODUCT_BUNDLE_IDENTIFIER = "com.catania.unipi-app";
				PRODUCT_NAME = "unipi-app";
				SDKROOT = macosx;
				SWIFT_EMIT_LOC_STRINGS = YES;
				SWIFT_VERSION = 5.0;
			};
			name = Release;
		};
		B6C82B74272A960D009CB8CA /* Debug */ = {
			isa = XCBuildConfiguration;
			buildSettings = {
				ALWAYS_EMBED_SWIFT_STANDARD_LIBRARIES = YES;
				CODE_SIGN_STYLE = Automatic;
				CURRENT_PROJECT_VERSION = 1;
				DEVELOPMENT_TEAM = 8Q4X2Y769J;
				GENERATE_INFOPLIST_FILE = YES;
				IPHONEOS_DEPLOYMENT_TARGET = 15.0;
				LD_RUNPATH_SEARCH_PATHS = (
					"$(inherited)",
					"@executable_path/Frameworks",
					"@loader_path/Frameworks",
				);
				MARKETING_VERSION = 1.0;
				PRODUCT_BUNDLE_IDENTIFIER = "com.catania.Tests-iOS";
				PRODUCT_NAME = "$(TARGET_NAME)";
				SDKROOT = iphoneos;
				SWIFT_EMIT_LOC_STRINGS = NO;
				SWIFT_VERSION = 5.0;
				TARGETED_DEVICE_FAMILY = "1,2";
				TEST_TARGET_NAME = "unipi-app (iOS)";
			};
			name = Debug;
		};
		B6C82B75272A960D009CB8CA /* Release */ = {
			isa = XCBuildConfiguration;
			buildSettings = {
				ALWAYS_EMBED_SWIFT_STANDARD_LIBRARIES = YES;
				CODE_SIGN_STYLE = Automatic;
				CURRENT_PROJECT_VERSION = 1;
				DEVELOPMENT_TEAM = 8Q4X2Y769J;
				GENERATE_INFOPLIST_FILE = YES;
				IPHONEOS_DEPLOYMENT_TARGET = 15.0;
				LD_RUNPATH_SEARCH_PATHS = (
					"$(inherited)",
					"@executable_path/Frameworks",
					"@loader_path/Frameworks",
				);
				MARKETING_VERSION = 1.0;
				PRODUCT_BUNDLE_IDENTIFIER = "com.catania.Tests-iOS";
				PRODUCT_NAME = "$(TARGET_NAME)";
				SDKROOT = iphoneos;
				SWIFT_EMIT_LOC_STRINGS = NO;
				SWIFT_VERSION = 5.0;
				TARGETED_DEVICE_FAMILY = "1,2";
				TEST_TARGET_NAME = "unipi-app (iOS)";
				VALIDATE_PRODUCT = YES;
			};
			name = Release;
		};
		B6C82B77272A960D009CB8CA /* Debug */ = {
			isa = XCBuildConfiguration;
			buildSettings = {
				ALWAYS_EMBED_SWIFT_STANDARD_LIBRARIES = YES;
				CODE_SIGN_STYLE = Automatic;
				COMBINE_HIDPI_IMAGES = YES;
				CURRENT_PROJECT_VERSION = 1;
				DEVELOPMENT_TEAM = 8Q4X2Y769J;
				GENERATE_INFOPLIST_FILE = YES;
				LD_RUNPATH_SEARCH_PATHS = (
					"$(inherited)",
					"@executable_path/../Frameworks",
					"@loader_path/../Frameworks",
				);
				MACOSX_DEPLOYMENT_TARGET = 11.3;
				MARKETING_VERSION = 1.0;
				PRODUCT_BUNDLE_IDENTIFIER = "com.catania.Tests-macOS";
				PRODUCT_NAME = "$(TARGET_NAME)";
				SDKROOT = macosx;
				SWIFT_EMIT_LOC_STRINGS = NO;
				SWIFT_VERSION = 5.0;
				TEST_TARGET_NAME = "unipi-app (macOS)";
			};
			name = Debug;
		};
		B6C82B78272A960D009CB8CA /* Release */ = {
			isa = XCBuildConfiguration;
			buildSettings = {
				ALWAYS_EMBED_SWIFT_STANDARD_LIBRARIES = YES;
				CODE_SIGN_STYLE = Automatic;
				COMBINE_HIDPI_IMAGES = YES;
				CURRENT_PROJECT_VERSION = 1;
				DEVELOPMENT_TEAM = 8Q4X2Y769J;
				GENERATE_INFOPLIST_FILE = YES;
				LD_RUNPATH_SEARCH_PATHS = (
					"$(inherited)",
					"@executable_path/../Frameworks",
					"@loader_path/../Frameworks",
				);
				MACOSX_DEPLOYMENT_TARGET = 11.3;
				MARKETING_VERSION = 1.0;
				PRODUCT_BUNDLE_IDENTIFIER = "com.catania.Tests-macOS";
				PRODUCT_NAME = "$(TARGET_NAME)";
				SDKROOT = macosx;
				SWIFT_EMIT_LOC_STRINGS = NO;
				SWIFT_VERSION = 5.0;
				TEST_TARGET_NAME = "unipi-app (macOS)";
			};
			name = Release;
		};
/* End XCBuildConfiguration section */

/* Begin XCConfigurationList section */
		B6C82B34272A9609009CB8CA /* Build configuration list for PBXProject "unipi-app" */ = {
			isa = XCConfigurationList;
			buildConfigurations = (
				B6C82B6B272A960D009CB8CA /* Debug */,
				B6C82B6C272A960D009CB8CA /* Release */,
			);
			defaultConfigurationIsVisible = 0;
			defaultConfigurationName = Release;
		};
		B6C82B6D272A960D009CB8CA /* Build configuration list for PBXNativeTarget "unipi-app (iOS)" */ = {
			isa = XCConfigurationList;
			buildConfigurations = (
				B6C82B6E272A960D009CB8CA /* Debug */,
				B6C82B6F272A960D009CB8CA /* Release */,
			);
			defaultConfigurationIsVisible = 0;
			defaultConfigurationName = Release;
		};
		B6C82B70272A960D009CB8CA /* Build configuration list for PBXNativeTarget "unipi-app (macOS)" */ = {
			isa = XCConfigurationList;
			buildConfigurations = (
				B6C82B71272A960D009CB8CA /* Debug */,
				B6C82B72272A960D009CB8CA /* Release */,
			);
			defaultConfigurationIsVisible = 0;
			defaultConfigurationName = Release;
		};
		B6C82B73272A960D009CB8CA /* Build configuration list for PBXNativeTarget "Tests iOS" */ = {
			isa = XCConfigurationList;
			buildConfigurations = (
				B6C82B74272A960D009CB8CA /* Debug */,
				B6C82B75272A960D009CB8CA /* Release */,
			);
			defaultConfigurationIsVisible = 0;
			defaultConfigurationName = Release;
		};
		B6C82B76272A960D009CB8CA /* Build configuration list for PBXNativeTarget "Tests macOS" */ = {
			isa = XCConfigurationList;
			buildConfigurations = (
				B6C82B77272A960D009CB8CA /* Debug */,
				B6C82B78272A960D009CB8CA /* Release */,
			);
			defaultConfigurationIsVisible = 0;
			defaultConfigurationName = Release;
		};
/* End XCConfigurationList section */

/* Begin XCRemoteSwiftPackageReference section */
		2B5E5314272EC053008E48E1 /* XCRemoteSwiftPackageReference "KeychainStored" */ = {
			isa = XCRemoteSwiftPackageReference;
			repositoryURL = "https://github.com/owowagency/KeychainStored.git";
			requirement = {
				kind = upToNextMajorVersion;
				minimumVersion = 1.1.0;
			};
		};
/* End XCRemoteSwiftPackageReference section */

/* Begin XCSwiftPackageProductDependency section */
		2B5E5315272EC053008E48E1 /* KeychainStored */ = {
			isa = XCSwiftPackageProductDependency;
			package = 2B5E5314272EC053008E48E1 /* XCRemoteSwiftPackageReference "KeychainStored" */;
			productName = KeychainStored;
		};
		2B5E531B272EC1D1008E48E1 /* KeychainStored */ = {
			isa = XCSwiftPackageProductDependency;
			package = 2B5E5314272EC053008E48E1 /* XCRemoteSwiftPackageReference "KeychainStored" */;
			productName = KeychainStored;
		};
		2BC037F4272E9D0D00B0150D /* API */ = {
			isa = XCSwiftPackageProductDependency;
			productName = API;
		};
		B6C840FB272AA5F20064AB1E /* API */ = {
			isa = XCSwiftPackageProductDependency;
			productName = API;
		};
/* End XCSwiftPackageProductDependency section */

/* Begin XCVersionGroup section */
		B6C82B36272A960A009CB8CA /* unipi_app.xcdatamodeld */ = {
			isa = XCVersionGroup;
			children = (
				B6C82B37272A960A009CB8CA /* Shared.xcdatamodel */,
			);
			currentVersion = B6C82B37272A960A009CB8CA /* Shared.xcdatamodel */;
			path = unipi_app.xcdatamodeld;
			sourceTree = "<group>";
			versionGroupType = wrapper.xcdatamodel;
		};
/* End XCVersionGroup section */
	};
	rootObject = B6C82B31272A9609009CB8CA /* Project object */;
}
